{
  "name": "agadoo",
  "version": "1.0.1",
  "lockfileVersion": 1,
  "requires": true,
  "dependencies": {
    "@types/estree": {
      "version": "0.0.39",
      "resolved": "https://registry.npmjs.org/@types/estree/-/estree-0.0.39.tgz",
      "integrity": "sha512-EYNwp3bU+98cpU4lAWYYL7Zz+2gryWH1qbdDTidVd6hkiR6weksdbMadyXKXNPEkQFhXM+hVO9ZygomHXp+AIw=="
    },
    "@types/node": {
      "version": "12.7.5",
      "resolved": "https://registry.npmjs.org/@types/node/-/node-12.7.5.tgz",
      "integrity": "sha512-9fq4jZVhPNW8r+UYKnxF1e2HkDWOWKM5bC2/7c9wPV835I0aOrVbS/Hw/pWPk2uKrNXQqg9Z959Kz+IYDd5p3w=="
    },
    "acorn": {
      "version": "7.0.0",
      "resolved": "https://registry.npmjs.org/acorn/-/acorn-7.0.0.tgz",
      "integrity": "sha512-PaF/MduxijYYt7unVGRuds1vBC9bFxbNf+VWqhOClfdgy7RlVkQqt610ig1/yxTgsDIfW1cWDel5EBbOy3jdtQ=="
    },
    "rollup": {
      "version": "1.21.3",
      "resolved": "https://registry.npmjs.org/rollup/-/rollup-1.21.3.tgz",
      "integrity": "sha512-43CgeUtHhfiqBOUd0uJo5NEOg2FuheF3SqGN8BqgvnqB4xM2TbfPdudeSdllDcMKpagHb//qtpaAADBurT4GzA==",
      "requires": {
        "@types/estree": "0.0.39",
        "@types/node": "^12.7.5",
        "acorn": "^7.0.0"
      }
    },
    "rollup-plugin-virtual": {
      "version": "1.0.1",
      "resolved": "https://registry.npmjs.org/rollup-plugin-virtual/-/rollup-plugin-virtual-1.0.1.tgz",
      "integrity": "sha512-HCTBpV8MwP5lNzZrHD2moVxHIToHU1EkzkKGVj6Z0DcgUfxrxrZmeQirQeLz2yhnkJqRjwiVywK9CS8jDYakrw=="
    }
  }
}
